{
  "_comment": "Pinned inventory of `Constitutional Hash:` markers across the workspace (including submodules when present). Regenerate with `python scripts/verify_constitutional_hashes.py --update`. Any drift here is treated as a governance change that needs explicit review.",
  "hashes": {
    "packages/acgs-lite/docs/contributing-frameworks.md": "608508a9bd224290",
    "packages/acgs-lite/docs/contributing-integrations.md": "608508a9bd224290",
    "packages/acgs-lite/examples/compliance_reports/README.md": "608508a9bd224290",
    "packages/acgs-lite/examples/compliance_reports/run.py": "608508a9bd224290",
    "packages/acgs-lite/examples/eu_ai_act_quickstart.py": "608508a9bd224290",
    "packages/acgs-lite/examples/gitlab_anthropic_demo.py": "608508a9bd224290",
    "packages/acgs-lite/examples/gitlab_webhook_server.py": "608508a9bd224290",
    "packages/acgs-lite/hackathon/AGENTS.md": "608508a9bd224290",
    "packages/acgs-lite/pyproject.toml": "608508a9bd224290",
    "packages/acgs-lite/research/README.md": "608508a9bd224290",
    "packages/acgs-lite/src/acgs/__init__.py": "608508a9bd224290",
    "packages/acgs-lite/src/acgs_lite/__init__.py": "608508a9bd224290",
    "packages/acgs-lite/src/acgs_lite/audit.py": "608508a9bd224290",
    "packages/acgs-lite/src/acgs_lite/cdp/__init__.py": "608508a9bd224290",
    "packages/acgs-lite/src/acgs_lite/cdp/assembler.py": "608508a9bd224290",
    "packages/acgs-lite/src/acgs_lite/cdp/certificate.py": "608508a9bd224290",
    "packages/acgs-lite/src/acgs_lite/cdp/record.py": "608508a9bd224290",
    "packages/acgs-lite/src/acgs_lite/cdp/store.py": "608508a9bd224290",
    "packages/acgs-lite/src/acgs_lite/circuit_breaker.py": "608508a9bd224290",
    "packages/acgs-lite/src/acgs_lite/cli.py": "608508a9bd224290",
    "packages/acgs-lite/src/acgs_lite/commands/evidence.py": "608508a9bd224290",
    "packages/acgs-lite/src/acgs_lite/commands/halt.py": "608508a9bd224290",
    "packages/acgs-lite/src/acgs_lite/compliance/__init__.py": "608508a9bd224290",
    "packages/acgs-lite/src/acgs_lite/compliance/__main__.py": "608508a9bd224290",
    "packages/acgs-lite/src/acgs_lite/compliance/australia_ai_ethics.py": "608508a9bd224290",
    "packages/acgs-lite/src/acgs_lite/compliance/base.py": "608508a9bd224290",
    "packages/acgs-lite/src/acgs_lite/compliance/brazil_lgpd.py": "608508a9bd224290",
    "packages/acgs-lite/src/acgs_lite/compliance/canada_aida.py": "608508a9bd224290",
    "packages/acgs-lite/src/acgs_lite/compliance/ccpa_cpra.py": "608508a9bd224290",
    "packages/acgs-lite/src/acgs_lite/compliance/china_ai.py": "608508a9bd224290",
    "packages/acgs-lite/src/acgs_lite/compliance/dora.py": "608508a9bd224290",
    "packages/acgs-lite/src/acgs_lite/compliance/eu_ai_act.py": "608508a9bd224290",
    "packages/acgs-lite/src/acgs_lite/compliance/evidence.py": "608508a9bd224290",
    "packages/acgs-lite/src/acgs_lite/compliance/gdpr.py": "608508a9bd224290",
    "packages/acgs-lite/src/acgs_lite/compliance/hipaa_ai.py": "608508a9bd224290",
    "packages/acgs-lite/src/acgs_lite/compliance/igaming.py": "608508a9bd224290",
    "packages/acgs-lite/src/acgs_lite/compliance/india_dpdp.py": "608508a9bd224290",
    "packages/acgs-lite/src/acgs_lite/compliance/iso_42001.py": "608508a9bd224290",
    "packages/acgs-lite/src/acgs_lite/compliance/multi_framework.py": "608508a9bd224290",
    "packages/acgs-lite/src/acgs_lite/compliance/nist_ai_rmf.py": "608508a9bd224290",
    "packages/acgs-lite/src/acgs_lite/compliance/nyc_ll144.py": "608508a9bd224290",
    "packages/acgs-lite/src/acgs_lite/compliance/obligation_mappings.py": "608508a9bd224290",
    "packages/acgs-lite/src/acgs_lite/compliance/oecd_ai.py": "608508a9bd224290",
    "packages/acgs-lite/src/acgs_lite/compliance/report_exporter.py": "608508a9bd224290",
    "packages/acgs-lite/src/acgs_lite/compliance/runtime_checker.py": "608508a9bd224290",
    "packages/acgs-lite/src/acgs_lite/compliance/runtime_obligations.py": "608508a9bd224290",
    "packages/acgs-lite/src/acgs_lite/compliance/singapore_maigf.py": "608508a9bd224290",
    "packages/acgs-lite/src/acgs_lite/compliance/soc2_ai.py": "608508a9bd224290",
    "packages/acgs-lite/src/acgs_lite/compliance/uk_ai_framework.py": "608508a9bd224290",
    "packages/acgs-lite/src/acgs_lite/compliance/us_fair_lending.py": "608508a9bd224290",
    "packages/acgs-lite/src/acgs_lite/constitution/activation.py": "608508a9bd224290",
    "packages/acgs-lite/src/acgs_lite/constitution/amendments.py": "608508a9bd224290",
    "packages/acgs-lite/src/acgs_lite/constitution/analytics.py": "608508a9bd224290",
    "packages/acgs-lite/src/acgs_lite/constitution/boundaries.py": "608508a9bd224290",
    "packages/acgs-lite/src/acgs_lite/constitution/bundle.py": "608508a9bd224290",
    "packages/acgs-lite/src/acgs_lite/constitution/bundle_store.py": "608508a9bd224290",
    "packages/acgs-lite/src/acgs_lite/constitution/core.py": "608508a9bd224290",
    "packages/acgs-lite/src/acgs_lite/constitution/drift.py": "608508a9bd224290",
    "packages/acgs-lite/src/acgs_lite/constitution/editor.py": "608508a9bd224290",
    "packages/acgs-lite/src/acgs_lite/constitution/evidence.py": "608508a9bd224290",
    "packages/acgs-lite/src/acgs_lite/constitution/failure_modes.py": "608508a9bd224290",
    "packages/acgs-lite/src/acgs_lite/constitution/lifecycle_router.py": "608508a9bd224290",
    "packages/acgs-lite/src/acgs_lite/constitution/lifecycle_service.py": "608508a9bd224290",
    "packages/acgs-lite/src/acgs_lite/constitution/metrics.py": "608508a9bd224290",
    "packages/acgs-lite/src/acgs_lite/constitution/nearmiss.py": "608508a9bd224290",
    "packages/acgs-lite/src/acgs_lite/constitution/obligations.py": "608508a9bd224290",
    "packages/acgs-lite/src/acgs_lite/constitution/postgres_bundle_store.py": "608508a9bd224290",
    "packages/acgs-lite/src/acgs_lite/constitution/rollout.py": "608508a9bd224290",
    "packages/acgs-lite/src/acgs_lite/constitution/routing.py": "608508a9bd224290",
    "packages/acgs-lite/src/acgs_lite/constitution/rule.py": "608508a9bd224290",
    "packages/acgs-lite/src/acgs_lite/constitution/rule_metrics.py": "608508a9bd224290",
    "packages/acgs-lite/src/acgs_lite/constitution/simulation.py": "608508a9bd224290",
    "packages/acgs-lite/src/acgs_lite/constitution/snapshot.py": "608508a9bd224290",
    "packages/acgs-lite/src/acgs_lite/constitution/sqlite_bundle_store.py": "608508a9bd224290",
    "packages/acgs-lite/src/acgs_lite/constitution/stabilizers/__init__.py": "608508a9bd224290",
    "packages/acgs-lite/src/acgs_lite/constitution/stabilizers/audit_chain.py": "608508a9bd224290",
    "packages/acgs-lite/src/acgs_lite/constitution/stabilizers/test_fixture.py": "608508a9bd224290",
    "packages/acgs-lite/src/acgs_lite/constitution/templates.py": "608508a9bd224290",
    "packages/acgs-lite/src/acgs_lite/constitution/testing.py": "608508a9bd224290",
    "packages/acgs-lite/src/acgs_lite/constitution/versioning.py": "608508a9bd224290",
    "packages/acgs-lite/src/acgs_lite/constitution/waivers.py": "608508a9bd224290",
    "packages/acgs-lite/src/acgs_lite/engine/audit_runtime.py": "608508a9bd224290",
    "packages/acgs-lite/src/acgs_lite/engine/batch.py": "608508a9bd224290",
    "packages/acgs-lite/src/acgs_lite/engine/bundle_binding.py": "608508a9bd224290",
    "packages/acgs-lite/src/acgs_lite/engine/conversation.py": "608508a9bd224290",
    "packages/acgs-lite/src/acgs_lite/engine/core.py": "608508a9bd224290",
    "packages/acgs-lite/src/acgs_lite/engine/rust.py": "608508a9bd224290",
    "packages/acgs-lite/src/acgs_lite/engine/streaming.py": "608508a9bd224290",
    "packages/acgs-lite/src/acgs_lite/engine/synthesis.py": "608508a9bd224290",
    "packages/acgs-lite/src/acgs_lite/eu_ai_act/__init__.py": "608508a9bd224290",
    "packages/acgs-lite/src/acgs_lite/eu_ai_act/article12.py": "608508a9bd224290",
    "packages/acgs-lite/src/acgs_lite/eu_ai_act/compliance_checklist.py": "608508a9bd224290",
    "packages/acgs-lite/src/acgs_lite/eu_ai_act/human_oversight.py": "608508a9bd224290",
    "packages/acgs-lite/src/acgs_lite/eu_ai_act/risk_classification.py": "608508a9bd224290",
    "packages/acgs-lite/src/acgs_lite/eu_ai_act/transparency.py": "608508a9bd224290",
    "packages/acgs-lite/src/acgs_lite/events.py": "608508a9bd224290",
    "packages/acgs-lite/src/acgs_lite/fail_closed.py": "608508a9bd224290",
    "packages/acgs-lite/src/acgs_lite/federation/transport.py": "608508a9bd224290",
    "packages/acgs-lite/src/acgs_lite/governed.py": "608508a9bd224290",
    "packages/acgs-lite/src/acgs_lite/integrations/a2a.py": "608508a9bd224290",
    "packages/acgs-lite/src/acgs_lite/integrations/agno.py": "608508a9bd224290",
    "packages/acgs-lite/src/acgs_lite/integrations/anthropic.py": "608508a9bd224290",
    "packages/acgs-lite/src/acgs_lite/integrations/autogen.py": "608508a9bd224290",
    "packages/acgs-lite/src/acgs_lite/integrations/base.py": "608508a9bd224290",
    "packages/acgs-lite/src/acgs_lite/integrations/cloud_logging.py": "608508a9bd224290",
    "packages/acgs-lite/src/acgs_lite/integrations/cloud_run_server.py": "608508a9bd224290",
    "packages/acgs-lite/src/acgs_lite/integrations/crewai.py": "608508a9bd224290",
    "packages/acgs-lite/src/acgs_lite/integrations/dashboard.py": "608508a9bd224290",
    "packages/acgs-lite/src/acgs_lite/integrations/dspy.py": "608508a9bd224290",
    "packages/acgs-lite/src/acgs_lite/integrations/github.py": "608508a9bd224290",
    "packages/acgs-lite/src/acgs_lite/integrations/gitlab.py": "608508a9bd224290",
    "packages/acgs-lite/src/acgs_lite/integrations/google_genai.py": "608508a9bd224290",
    "packages/acgs-lite/src/acgs_lite/integrations/haystack.py": "608508a9bd224290",
    "packages/acgs-lite/src/acgs_lite/integrations/kubernetes.py": "608508a9bd224290",
    "packages/acgs-lite/src/acgs_lite/integrations/langchain.py": "608508a9bd224290",
    "packages/acgs-lite/src/acgs_lite/integrations/litdata.py": "608508a9bd224290",
    "packages/acgs-lite/src/acgs_lite/integrations/litellm.py": "608508a9bd224290",
    "packages/acgs-lite/src/acgs_lite/integrations/litserve.py": "608508a9bd224290",
    "packages/acgs-lite/src/acgs_lite/integrations/llamaindex.py": "608508a9bd224290",
    "packages/acgs-lite/src/acgs_lite/integrations/mcp_server.py": "608508a9bd224290",
    "packages/acgs-lite/src/acgs_lite/integrations/notifications.py": "608508a9bd224290",
    "packages/acgs-lite/src/acgs_lite/integrations/openai.py": "608508a9bd224290",
    "packages/acgs-lite/src/acgs_lite/integrations/otel.py": "608508a9bd224290",
    "packages/acgs-lite/src/acgs_lite/integrations/policy_storage.py": "608508a9bd224290",
    "packages/acgs-lite/src/acgs_lite/integrations/pydantic_ai.py": "608508a9bd224290",
    "packages/acgs-lite/src/acgs_lite/integrations/workflow.py": "608508a9bd224290",
    "packages/acgs-lite/src/acgs_lite/integrations/xai.py": "608508a9bd224290",
    "packages/acgs-lite/src/acgs_lite/interventions/__init__.py": "608508a9bd224290",
    "packages/acgs-lite/src/acgs_lite/interventions/actions.py": "608508a9bd224290",
    "packages/acgs-lite/src/acgs_lite/interventions/conditions.py": "608508a9bd224290",
    "packages/acgs-lite/src/acgs_lite/interventions/defaults.py": "608508a9bd224290",
    "packages/acgs-lite/src/acgs_lite/interventions/engine.py": "608508a9bd224290",
    "packages/acgs-lite/src/acgs_lite/lean_verify.py": "608508a9bd224290",
    "packages/acgs-lite/src/acgs_lite/licensing.py": "608508a9bd224290",
    "packages/acgs-lite/src/acgs_lite/maci.py": "608508a9bd224290",
    "packages/acgs-lite/src/acgs_lite/maci/__init__.py": "608508a9bd224290",
    "packages/acgs-lite/src/acgs_lite/maci/enforcer.py": "608508a9bd224290",
    "packages/acgs-lite/src/acgs_lite/maci/registry.py": "608508a9bd224290",
    "packages/acgs-lite/src/acgs_lite/matcher.py": "608508a9bd224290",
    "packages/acgs-lite/src/acgs_lite/middleware.py": "608508a9bd224290",
    "packages/acgs-lite/src/acgs_lite/pqc.py": "608508a9bd224290",
    "packages/acgs-lite/src/acgs_lite/report.py": "608508a9bd224290",
    "packages/acgs-lite/src/acgs_lite/serialization.py": "608508a9bd224290",
    "packages/acgs-lite/src/acgs_lite/trajectory.py": "608508a9bd224290",
    "packages/acgs-lite/src/acgs_lite/workflows/__init__.py": "608508a9bd224290",
    "packages/acgs-lite/tests/integrations/test_litserve.py": "608508a9bd224290",
    "packages/acgs-lite/tests/test_affine_patterns.py": "608508a9bd224290",
    "packages/acgs-lite/tests/test_amendments.py": "608508a9bd224290",
    "packages/acgs-lite/tests/test_cli_governance.py": "608508a9bd224290",
    "packages/acgs-lite/tests/test_compliance.py": "608508a9bd224290",
    "packages/acgs-lite/tests/test_compliance_cli_module.py": "608508a9bd224290",
    "packages/acgs-lite/tests/test_compliance_eu_ai_act_risk_tier.py": "608508a9bd224290",
    "packages/acgs-lite/tests/test_compliance_evidence.py": "608508a9bd224290",
    "packages/acgs-lite/tests/test_compliance_igaming.py": "608508a9bd224290",
    "packages/acgs-lite/tests/test_compliance_new_frameworks.py": "608508a9bd224290",
    "packages/acgs-lite/tests/test_compliance_report_exporter.py": "608508a9bd224290",
    "packages/acgs-lite/tests/test_compliance_round3.py": "608508a9bd224290",
    "packages/acgs-lite/tests/test_constitution_split.py": "608508a9bd224290",
    "packages/acgs-lite/tests/test_core.py": "608508a9bd224290",
    "packages/acgs-lite/tests/test_coverage_batch2.py": "608508a9bd224290",
    "packages/acgs-lite/tests/test_coverage_batch_e.py": "608508a9bd224290",
    "packages/acgs-lite/tests/test_coverage_engine_extra.py": "608508a9bd224290",
    "packages/acgs-lite/tests/test_crewai_integration.py": "608508a9bd224290",
    "packages/acgs-lite/tests/test_dashboard_integration.py": "608508a9bd224290",
    "packages/acgs-lite/tests/test_dspy_integration.py": "608508a9bd224290",
    "packages/acgs-lite/tests/test_eng_review_p2.py": "608508a9bd224290",
    "packages/acgs-lite/tests/test_engine_core_coverage.py": "608508a9bd224290",
    "packages/acgs-lite/tests/test_engine_refactor.py": "608508a9bd224290",
    "packages/acgs-lite/tests/test_examples_smoke.py": "608508a9bd224290",
    "packages/acgs-lite/tests/test_expanded_integrations.py": "608508a9bd224290",
    "packages/acgs-lite/tests/test_failure_modes.py": "608508a9bd224290",
    "packages/acgs-lite/tests/test_github_integration.py": "608508a9bd224290",
    "packages/acgs-lite/tests/test_gitlab_integration.py": "608508a9bd224290",
    "packages/acgs-lite/tests/test_governance_modules_coverage.py": "608508a9bd224290",
    "packages/acgs-lite/tests/test_haystack_integration.py": "608508a9bd224290",
    "packages/acgs-lite/tests/test_integrations.py": "608508a9bd224290",
    "packages/acgs-lite/tests/test_interventions.py": "608508a9bd224290",
    "packages/acgs-lite/tests/test_kubernetes_integration.py": "608508a9bd224290",
    "packages/acgs-lite/tests/test_lean_verify.py": "608508a9bd224290",
    "packages/acgs-lite/tests/test_licensing.py": "608508a9bd224290",
    "packages/acgs-lite/tests/test_mcp_server.py": "608508a9bd224290",
    "packages/acgs-lite/tests/test_policy_fuzzer.py": "608508a9bd224290",
    "packages/acgs-lite/tests/test_pydantic_ai_integration.py": "608508a9bd224290",
    "packages/acgs-lite/tests/test_rule_metrics.py": "608508a9bd224290",
    "packages/acgs-lite/tests/test_streaming_governance.py": "608508a9bd224290",
    "packages/acgs-lite/tests/test_synthesis_engine.py": "608508a9bd224290",
    "packages/acgs-lite/tests/test_validate_strict_per_call.py": "608508a9bd224290",
    "packages/acgs-lite/tests/test_workflow_action.py": "608508a9bd224290",
    "packages/acgs-lite/tests/test_workflow_compiler.py": "608508a9bd224290"
  }
}
